
Microsoft Visual Studio Solution File, Format Version 12.00
# Visual Studio 15
VisualStudioVersion = 15.0.26228.10
MinimumVisualStudioVersion = 10.0.40219.1
Project("{FAE04EC0-301F-11D3-BF4B-00C04F79EFBC}") = "MicroService", "MicroService\MicroService.csproj", "{4638FA9F-E603-4036-9969-462B7F974E21}"
EndProject
Project("{FAE04EC0-301F-11D3-BF4B-00C04F79EFBC}") = "MicroService.Tests", "MicroService.Tests\MicroService.Tests.csproj", "{16C62D0E-19B4-4CA1-906B-194AB0D08CC8}"
EndProject
Project("{E53339B2-1760-4266-BCC7-CA923CBCF16C}") = "docker-compose", "docker-compose.dcproj", "{CE78EF96-51E9-4689-9FA6-ADC206B7F6EC}"
EndProject
Global
	GlobalSection(SolutionConfigurationPlatforms) = preSolution
		Debug|Any CPU = Debug|Any CPU
		Release|Any CPU = Release|Any CPU
	EndGlobalSection
	GlobalSection(ProjectConfigurationPlatforms) = postSolution
		{4638FA9F-E603-4036-9969-462B7F974E21}.Debug|Any CPU.ActiveCfg = Debug|Any CPU
		{4638FA9F-E603-4036-9969-462B7F974E21}.Debug|Any CPU.Build.0 = Debug|Any CPU
		{4638FA9F-E603-4036-9969-462B7F974E21}.Release|Any CPU.ActiveCfg = Release|Any CPU
		{4638FA9F-E603-4036-9969-462B7F974E21}.Release|Any CPU.Build.0 = Release|Any CPU
		{16C62D0E-19B4-4CA1-906B-194AB0D08CC8}.Debug|Any CPU.ActiveCfg = Debug|Any CPU
		{16C62D0E-19B4-4CA1-906B-194AB0D08CC8}.Debug|Any CPU.Build.0 = Debug|Any CPU
		{16C62D0E-19B4-4CA1-906B-194AB0D08CC8}.Release|Any CPU.ActiveCfg = Release|Any CPU
		{16C62D0E-19B4-4CA1-906B-194AB0D08CC8}.Release|Any CPU.Build.0 = Release|Any CPU
		{CE78EF96-51E9-4689-9FA6-ADC206B7F6EC}.Debug|Any CPU.ActiveCfg = Debug|Any CPU
		{CE78EF96-51E9-4689-9FA6-ADC206B7F6EC}.Debug|Any CPU.Build.0 = Debug|Any CPU
		{CE78EF96-51E9-4689-9FA6-ADC206B7F6EC}.Release|Any CPU.ActiveCfg = Release|Any CPU
		{CE78EF96-51E9-4689-9FA6-ADC206B7F6EC}.Release|Any CPU.Build.0 = Release|Any CPU
	EndGlobalSection
	GlobalSection(SolutionProperties) = preSolution
		HideSolutionNode = FALSE
	EndGlobalSection
EndGlobal
